
Microsoft Visual Studio Solution File, Format Version 12.00
# Visual Studio Version 17
VisualStudioVersion = 17.0.31903.59
MinimumVisualStudioVersion = 10.0.40219.1
Project("{FAE04EC0-301F-11D3-BF4B-00C04F79EFBC}") = "CSharp10NewFeatures.NetSix", "CSharp10NewFeatures.NetSix\CSharp10NewFeatures.NetSix.csproj", "{C732398E-BEF2-4D41-8C05-A672BC5501ED}"
EndProject
Global
	GlobalSection(SolutionConfigurationPlatforms) = preSolution
		Debug|Any CPU = Debug|Any CPU
		Release|Any CPU = Release|Any CPU
	EndGlobalSection
	GlobalSection(ProjectConfigurationPlatforms) = postSolution
		{C732398E-BEF2-4D41-8C05-A672BC5501ED}.Debug|Any CPU.ActiveCfg = Debug|Any CPU
		{C732398E-BEF2-4D41-8C05-A672BC5501ED}.Debug|Any CPU.Build.0 = Debug|Any CPU
		{C732398E-BEF2-4D41-8C05-A672BC5501ED}.Release|Any CPU.ActiveCfg = Release|Any CPU
		{C732398E-BEF2-4D41-8C05-A672BC5501ED}.Release|Any CPU.Build.0 = Release|Any CPU
	EndGlobalSection
	GlobalSection(SolutionProperties) = preSolution
		HideSolutionNode = FALSE
	EndGlobalSection
	GlobalSection(ExtensibilityGlobals) = postSolution
		SolutionGuid = {7BCBACD3-8890-48CA-8E7C-B8EEDF4A53BB}
	EndGlobalSection
EndGlobal
